
Microsoft Visual Studio Solution File, Format Version 12.00
# Visual Studio Version 17
VisualStudioVersion = 17.9.34728.123
MinimumVisualStudioVersion = 10.0.40219.1
Project("{FAE04EC0-301F-11D3-BF4B-00C04F79EFBC}") = "PlayDemo1", "PlayDemo1.csproj", "{A57BB1BB-E3B9-435F-9BD3-1E6B37E6D780}"
EndProject
Global
	GlobalSection(SolutionConfigurationPlatforms) = preSolution
		Debug|Any CPU = Debug|Any CPU
		Release|Any CPU = Release|Any CPU
	EndGlobalSection
	GlobalSection(ProjectConfigurationPlatforms) = postSolution
		{A57BB1BB-E3B9-435F-9BD3-1E6B37E6D780}.Debug|Any CPU.ActiveCfg = Debug|Any CPU
		{A57BB1BB-E3B9-435F-9BD3-1E6B37E6D780}.Debug|Any CPU.Build.0 = Debug|Any CPU
		{A57BB1BB-E3B9-435F-9BD3-1E6B37E6D780}.Release|Any CPU.ActiveCfg = Release|Any CPU
		{A57BB1BB-E3B9-435F-9BD3-1E6B37E6D780}.Release|Any CPU.Build.0 = Release|Any CPU
	EndGlobalSection
	GlobalSection(SolutionProperties) = preSolution
		HideSolutionNode = FALSE
	EndGlobalSection
	GlobalSection(ExtensibilityGlobals) = postSolution
		SolutionGuid = {3F1F5EC2-BB97-4069-B245-643E476630AF}
	EndGlobalSection
EndGlobal
